<Solution>
  <Folder Name="/src/">
    <Project Path="src/PayeeMatch.Api/PayeeMatch.Api.csproj" />
    <Project Path="src/PayeeMatch.Core/PayeeMatch.Core.csproj" />
  </Folder>
  <Folder Name="/tests/">
    <Project Path="tests/PayeeMatch.Api.Tests/PayeeMatch.Api.Tests.csproj" />
    <Project Path="tests/PayeeMatch.Core.Tests/PayeeMatch.Core.Tests.csproj" />
  </Folder>
</Solution>
